
Microsoft Visual Studio Solution File, Format Version 12.00
# Visual Studio 15
VisualStudioVersion = 15.0.28010.2046
MinimumVisualStudioVersion = 10.0.40219.1
Project("{FAE04EC0-301F-11D3-BF4B-00C04F79EFBC}") = "Store", "Store\Store.csproj", "{A68D8124-61D2-4012-A077-B6B8822DB358}"
EndProject
Global
	GlobalSection(SolutionConfigurationPlatforms) = preSolution
		Debug|Any CPU = Debug|Any CPU
		Release|Any CPU = Release|Any CPU
	EndGlobalSection
	GlobalSection(ProjectConfigurationPlatforms) = postSolution
		{A68D8124-61D2-4012-A077-B6B8822DB358}.Debug|Any CPU.ActiveCfg = Debug|Any CPU
		{A68D8124-61D2-4012-A077-B6B8822DB358}.Debug|Any CPU.Build.0 = Debug|Any CPU
		{A68D8124-61D2-4012-A077-B6B8822DB358}.Release|Any CPU.ActiveCfg = Release|Any CPU
		{A68D8124-61D2-4012-A077-B6B8822DB358}.Release|Any CPU.Build.0 = Release|Any CPU
	EndGlobalSection
	GlobalSection(SolutionProperties) = preSolution
		HideSolutionNode = FALSE
	EndGlobalSection
	GlobalSection(ExtensibilityGlobals) = postSolution
		SolutionGuid = {0A70D28D-9D90-4691-9C0C-C32A5D1E1F74}
	EndGlobalSection
EndGlobal
